// !$*UTF8*$!
{
	archiveVersion = 1;
	classes = {
	};
	objectVersion = 50;
	objects = {

/* Begin PBXBuildFile section */
		A800C08F21C297F800793008 /* DataService.swift in Sources */ = {isa = PBXBuildFile; fileRef = A800C08E21C297F700793008 /* DataService.swift */; };
		A800C09121C2A73F00793008 /* AuthVC.swift in Sources */ = {isa = PBXBuildFile; fileRef = A800C09021C2A73F00793008 /* AuthVC.swift */; };
		A800C09321C2A75000793008 /* LoginVC.swift in Sources */ = {isa = PBXBuildFile; fileRef = A800C09221C2A75000793008 /* LoginVC.swift */; };
		A800C09521C2A7C800793008 /* InsetTextField.swift in Sources */ = {isa = PBXBuildFile; fileRef = A800C09421C2A7C800793008 /* InsetTextField.swift */; };
		A800C09721C6A1F400793008 /* ShadowView.swift in Sources */ = {isa = PBXBuildFile; fileRef = A800C09621C6A1F400793008 /* ShadowView.swift */; };
		A800C09921C6A36900793008 /* AuthService.swift in Sources */ = {isa = PBXBuildFile; fileRef = A800C09821C6A36900793008 /* AuthService.swift */; };
		A84FB94A21C2923F007F4476 /* AppDelegate.swift in Sources */ = {isa = PBXBuildFile; fileRef = A84FB94921C2923F007F4476 /* AppDelegate.swift */; };
		A84FB94C21C2923F007F4476 /* FeedVC.swift in Sources */ = {isa = PBXBuildFile; fileRef = A84FB94B21C2923F007F4476 /* FeedVC.swift */; };
		A84FB94E21C2923F007F4476 /* GroupVC.swift in Sources */ = {isa = PBXBuildFile; fileRef = A84FB94D21C2923F007F4476 /* GroupVC.swift */; };
		A84FB95121C2923F007F4476 /* Main.storyboard in Resources */ = {isa = PBXBuildFile; fileRef = A84FB94F21C2923F007F4476 /* Main.storyboard */; };
		A84FB95321C29240007F4476 /* Assets.xcassets in Resources */ = {isa = PBXBuildFile; fileRef = A84FB95221C29240007F4476 /* Assets.xcassets */; };
		A84FB95621C29240007F4476 /* LaunchScreen.storyboard in Resources */ = {isa = PBXBuildFile; fileRef = A84FB95421C29240007F4476 /* LaunchScreen.storyboard */; };
		A84FB96521C29533007F4476 /* GoogleService-Info.plist in Resources */ = {isa = PBXBuildFile; fileRef = A84FB96421C29533007F4476 /* GoogleService-Info.plist */; };
		A88DC58021D8F7B000F5412B /* UIViewExt.swift in Sources */ = {isa = PBXBuildFile; fileRef = A88DC57F21D8F7B000F5412B /* UIViewExt.swift */; };
		A88DC58221D8FD7700F5412B /* FeedCell.swift in Sources */ = {isa = PBXBuildFile; fileRef = A88DC58121D8FD7700F5412B /* FeedCell.swift */; };
		A88DC58421D9015A00F5412B /* Message.swift in Sources */ = {isa = PBXBuildFile; fileRef = A88DC58321D9015A00F5412B /* Message.swift */; };
		A88DC58621D913CD00F5412B /* CreateGroupVC.swift in Sources */ = {isa = PBXBuildFile; fileRef = A88DC58521D913CD00F5412B /* CreateGroupVC.swift */; };
		A88DC58821D918A500F5412B /* UserCell.swift in Sources */ = {isa = PBXBuildFile; fileRef = A88DC58721D918A500F5412B /* UserCell.swift */; };
		A88DC58A21DCDEE300F5412B /* GroupCell.swift in Sources */ = {isa = PBXBuildFile; fileRef = A88DC58921DCDEE300F5412B /* GroupCell.swift */; };
		A88DC58C21DCE57A00F5412B /* Group.swift in Sources */ = {isa = PBXBuildFile; fileRef = A88DC58B21DCE57A00F5412B /* Group.swift */; };
		A88DC58E21DCEB9F00F5412B /* GroupFeedVC.swift in Sources */ = {isa = PBXBuildFile; fileRef = A88DC58D21DCEB9F00F5412B /* GroupFeedVC.swift */; };
		A88DC59021DCEC7900F5412B /* GroupFeedCell.swift in Sources */ = {isa = PBXBuildFile; fileRef = A88DC58F21DCEC7900F5412B /* GroupFeedCell.swift */; };
		A8A1E07F21D6631000CA3C08 /* MeVC.swift in Sources */ = {isa = PBXBuildFile; fileRef = A8A1E07E21D6631000CA3C08 /* MeVC.swift */; };
		A8A1E08121D667AE00CA3C08 /* CreatePostVC.swift in Sources */ = {isa = PBXBuildFile; fileRef = A8A1E08021D667AE00CA3C08 /* CreatePostVC.swift */; };
		C206BD50F28F8C7215607FB3 /* Pods_Grobayer.framework in Frameworks */ = {isa = PBXBuildFile; fileRef = AB1018DC53C3A7444940F838 /* Pods_Grobayer.framework */; };
/* End PBXBuildFile section */

/* Begin PBXFileReference section */
		03BE36BC2DF73F381734AE2B /* Pods-Grobayer.release.xcconfig */ = {isa = PBXFileReference; includeInIndex = 1; lastKnownFileType = text.xcconfig; name = "Pods-Grobayer.release.xcconfig"; path = "Pods/Target Support Files/Pods-Grobayer/Pods-Grobayer.release.xcconfig"; sourceTree = "<group>"; };
		5E575BF0FD03F12F0E53A7DC /* Pods-Grobayer.debug.xcconfig */ = {isa = PBXFileReference; includeInIndex = 1; lastKnownFileType = text.xcconfig; name = "Pods-Grobayer.debug.xcconfig"; path = "Pods/Target Support Files/Pods-Grobayer/Pods-Grobayer.debug.xcconfig"; sourceTree = "<group>"; };
		A800C08E21C297F700793008 /* DataService.swift */ = {isa = PBXFileReference; lastKnownFileType = sourcecode.swift; path = DataService.swift; sourceTree = "<group>"; };
		A800C09021C2A73F00793008 /* AuthVC.swift */ = {isa = PBXFileReference; lastKnownFileType = sourcecode.swift; path = AuthVC.swift; sourceTree = "<group>"; };
		A800C09221C2A75000793008 /* LoginVC.swift */ = {isa = PBXFileReference; lastKnownFileType = sourcecode.swift; path = LoginVC.swift; sourceTree = "<group>"; };
		A800C09421C2A7C800793008 /* InsetTextField.swift */ = {isa = PBXFileReference; lastKnownFileType = sourcecode.swift; path = InsetTextField.swift; sourceTree = "<group>"; };
		A800C09621C6A1F400793008 /* ShadowView.swift */ = {isa = PBXFileReference; lastKnownFileType = sourcecode.swift; path = ShadowView.swift; sourceTree = "<group>"; };
		A800C09821C6A36900793008 /* AuthService.swift */ = {isa = PBXFileReference; lastKnownFileType = sourcecode.swift; path = AuthService.swift; sourceTree = "<group>"; };
		A84FB94621C2923F007F4476 /* Grobayer.app */ = {isa = PBXFileReference; explicitFileType = wrapper.application; includeInIndex = 0; path = Grobayer.app; sourceTree = BUILT_PRODUCTS_DIR; };
		A84FB94921C2923F007F4476 /* AppDelegate.swift */ = {isa = PBXFileReference; lastKnownFileType = sourcecode.swift; path = AppDelegate.swift; sourceTree = "<group>"; };
		A84FB94B21C2923F007F4476 /* FeedVC.swift */ = {isa = PBXFileReference; lastKnownFileType = sourcecode.swift; path = FeedVC.swift; sourceTree = "<group>"; };
		A84FB94D21C2923F007F4476 /* GroupVC.swift */ = {isa = PBXFileReference; lastKnownFileType = sourcecode.swift; path = GroupVC.swift; sourceTree = "<group>"; };
		A84FB95021C2923F007F4476 /* Base */ = {isa = PBXFileReference; lastKnownFileType = file.storyboard; name = Base; path = Base.lproj/Main.storyboard; sourceTree = "<group>"; };
		A84FB95221C29240007F4476 /* Assets.xcassets */ = {isa = PBXFileReference; lastKnownFileType = folder.assetcatalog; path = Assets.xcassets; sourceTree = "<group>"; };
		A84FB95521C29240007F4476 /* Base */ = {isa = PBXFileReference; lastKnownFileType = file.storyboard; name = Base; path = Base.lproj/LaunchScreen.storyboard; sourceTree = "<group>"; };
		A84FB95721C29240007F4476 /* Info.plist */ = {isa = PBXFileReference; lastKnownFileType = text.plist.xml; path = Info.plist; sourceTree = "<group>"; };
		A84FB96421C29533007F4476 /* GoogleService-Info.plist */ = {isa = PBXFileReference; fileEncoding = 4; lastKnownFileType = text.plist.xml; path = "GoogleService-Info.plist"; sourceTree = "<group>"; };
		A88DC57F21D8F7B000F5412B /* UIViewExt.swift */ = {isa = PBXFileReference; lastKnownFileType = sourcecode.swift; path = UIViewExt.swift; sourceTree = "<group>"; };
		A88DC58121D8FD7700F5412B /* FeedCell.swift */ = {isa = PBXFileReference; lastKnownFileType = sourcecode.swift; path = FeedCell.swift; sourceTree = "<group>"; };
		A88DC58321D9015A00F5412B /* Message.swift */ = {isa = PBXFileReference; lastKnownFileType = sourcecode.swift; path = Message.swift; sourceTree = "<group>"; };
		A88DC58521D913CD00F5412B /* CreateGroupVC.swift */ = {isa = PBXFileReference; lastKnownFileType = sourcecode.swift; path = CreateGroupVC.swift; sourceTree = "<group>"; };
		A88DC58721D918A500F5412B /* UserCell.swift */ = {isa = PBXFileReference; lastKnownFileType = sourcecode.swift; path = UserCell.swift; sourceTree = "<group>"; };
		A88DC58921DCDEE300F5412B /* GroupCell.swift */ = {isa = PBXFileReference; lastKnownFileType = sourcecode.swift; path = GroupCell.swift; sourceTree = "<group>"; };
		A88DC58B21DCE57A00F5412B /* Group.swift */ = {isa = PBXFileReference; lastKnownFileType = sourcecode.swift; path = Group.swift; sourceTree = "<group>"; };
		A88DC58D21DCEB9F00F5412B /* GroupFeedVC.swift */ = {isa = PBXFileReference; lastKnownFileType = sourcecode.swift; path = GroupFeedVC.swift; sourceTree = "<group>"; };
		A88DC58F21DCEC7900F5412B /* GroupFeedCell.swift */ = {isa = PBXFileReference; lastKnownFileType = sourcecode.swift; path = GroupFeedCell.swift; sourceTree = "<group>"; };
		A8A1E07E21D6631000CA3C08 /* MeVC.swift */ = {isa = PBXFileReference; lastKnownFileType = sourcecode.swift; path = MeVC.swift; sourceTree = "<group>"; };
		A8A1E08021D667AE00CA3C08 /* CreatePostVC.swift */ = {isa = PBXFileReference; lastKnownFileType = sourcecode.swift; path = CreatePostVC.swift; sourceTree = "<group>"; };
		AB1018DC53C3A7444940F838 /* Pods_Grobayer.framework */ = {isa = PBXFileReference; explicitFileType = wrapper.framework; includeInIndex = 0; path = Pods_Grobayer.framework; sourceTree = BUILT_PRODUCTS_DIR; };
/* End PBXFileReference section */

/* Begin PBXFrameworksBuildPhase section */
		A84FB94321C2923F007F4476 /* Frameworks */ = {
			isa = PBXFrameworksBuildPhase;
			buildActionMask = 2147483647;
			files = (
				C206BD50F28F8C7215607FB3 /* Pods_Grobayer.framework in Frameworks */,
			);
			runOnlyForDeploymentPostprocessing = 0;
		};
/* End PBXFrameworksBuildPhase section */

/* Begin PBXGroup section */
		27D6634E49C25265CA2B0141 /* Pods */ = {
			isa = PBXGroup;
			children = (
				5E575BF0FD03F12F0E53A7DC /* Pods-Grobayer.debug.xcconfig */,
				03BE36BC2DF73F381734AE2B /* Pods-Grobayer.release.xcconfig */,
			);
			name = Pods;
			sourceTree = "<group>";
		};
		82F5E2CCEB91903E93069957 /* Frameworks */ = {
			isa = PBXGroup;
			children = (
				AB1018DC53C3A7444940F838 /* Pods_Grobayer.framework */,
			);
			name = Frameworks;
			sourceTree = "<group>";
		};
		A84FB93D21C2923F007F4476 = {
			isa = PBXGroup;
			children = (
				A84FB94821C2923F007F4476 /* Grobayer */,
				A84FB94721C2923F007F4476 /* Products */,
				27D6634E49C25265CA2B0141 /* Pods */,
				82F5E2CCEB91903E93069957 /* Frameworks */,
			);
			sourceTree = "<group>";
		};
		A84FB94721C2923F007F4476 /* Products */ = {
			isa = PBXGroup;
			children = (
				A84FB94621C2923F007F4476 /* Grobayer.app */,
			);
			name = Products;
			sourceTree = "<group>";
		};
		A84FB94821C2923F007F4476 /* Grobayer */ = {
			isa = PBXGroup;
			children = (
				A84FB96321C29442007F4476 /* Storyboards */,
				A84FB96221C29430007F4476 /* Services */,
				A84FB96121C293FE007F4476 /* Extensions */,
				A84FB96021C293C4007F4476 /* Delegates */,
				A84FB95F21C293B2007F4476 /* Model */,
				A84FB95E21C293AD007F4476 /* View */,
				A84FB95D21C293A4007F4476 /* Controller */,
				A84FB95221C29240007F4476 /* Assets.xcassets */,
				A84FB95721C29240007F4476 /* Info.plist */,
				A84FB96421C29533007F4476 /* GoogleService-Info.plist */,
			);
			path = Grobayer;
			sourceTree = "<group>";
		};
		A84FB95D21C293A4007F4476 /* Controller */ = {
			isa = PBXGroup;
			children = (
				A84FB94B21C2923F007F4476 /* FeedVC.swift */,
				A84FB94D21C2923F007F4476 /* GroupVC.swift */,
				A800C09021C2A73F00793008 /* AuthVC.swift */,
				A800C09221C2A75000793008 /* LoginVC.swift */,
				A8A1E07E21D6631000CA3C08 /* MeVC.swift */,
				A8A1E08021D667AE00CA3C08 /* CreatePostVC.swift */,
				A88DC58521D913CD00F5412B /* CreateGroupVC.swift */,
				A88DC58D21DCEB9F00F5412B /* GroupFeedVC.swift */,
			);
			path = Controller;
			sourceTree = "<group>";
		};
		A84FB95E21C293AD007F4476 /* View */ = {
			isa = PBXGroup;
			children = (
				A800C09421C2A7C800793008 /* InsetTextField.swift */,
				A800C09621C6A1F400793008 /* ShadowView.swift */,
				A88DC58121D8FD7700F5412B /* FeedCell.swift */,
				A88DC58721D918A500F5412B /* UserCell.swift */,
				A88DC58921DCDEE300F5412B /* GroupCell.swift */,
				A88DC58F21DCEC7900F5412B /* GroupFeedCell.swift */,
			);
			path = View;
			sourceTree = "<group>";
		};
		A84FB95F21C293B2007F4476 /* Model */ = {
			isa = PBXGroup;
			children = (
				A88DC58321D9015A00F5412B /* Message.swift */,
				A88DC58B21DCE57A00F5412B /* Group.swift */,
			);
			path = Model;
			sourceTree = "<group>";
		};
		A84FB96021C293C4007F4476 /* Delegates */ = {
			isa = PBXGroup;
			children = (
				A84FB94921C2923F007F4476 /* AppDelegate.swift */,
			);
			path = Delegates;
			sourceTree = "<group>";
		};
		A84FB96121C293FE007F4476 /* Extensions */ = {
			isa = PBXGroup;
			children = (
				A88DC57F21D8F7B000F5412B /* UIViewExt.swift */,
			);
			path = Extensions;
			sourceTree = "<group>";
		};
		A84FB96221C29430007F4476 /* Services */ = {
			isa = PBXGroup;
			children = (
				A800C08E21C297F700793008 /* DataService.swift */,
				A800C09821C6A36900793008 /* AuthService.swift */,
			);
			path = Services;
			sourceTree = "<group>";
		};
		A84FB96321C29442007F4476 /* Storyboards */ = {
			isa = PBXGroup;
			children = (
				A84FB94F21C2923F007F4476 /* Main.storyboard */,
				A84FB95421C29240007F4476 /* LaunchScreen.storyboard */,
			);
			path = Storyboards;
			sourceTree = "<group>";
		};
/* End PBXGroup section */

/* Begin PBXNativeTarget section */
		A84FB94521C2923F007F4476 /* Grobayer */ = {
			isa = PBXNativeTarget;
			buildConfigurationList = A84FB95A21C29240007F4476 /* Build configuration list for PBXNativeTarget "Grobayer" */;
			buildPhases = (
				F4365B62DF6FA8FA5D18A658 /* [CP] Check Pods Manifest.lock */,
				A84FB94221C2923F007F4476 /* Sources */,
				A84FB94321C2923F007F4476 /* Frameworks */,
				A84FB94421C2923F007F4476 /* Resources */,
				427F82B8550052BA1DE1B3CA /* [CP] Embed Pods Frameworks */,
			);
			buildRules = (
			);
			dependencies = (
			);
			name = Grobayer;
			productName = Grobayer;
			productReference = A84FB94621C2923F007F4476 /* Grobayer.app */;
			productType = "com.apple.product-type.application";
		};
/* End PBXNativeTarget section */

/* Begin PBXProject section */
		A84FB93E21C2923F007F4476 /* Project object */ = {
			isa = PBXProject;
			attributes = {
				LastSwiftUpdateCheck = 1010;
				LastUpgradeCheck = 1010;
				ORGANIZATIONNAME = Alexander;
				TargetAttributes = {
					A84FB94521C2923F007F4476 = {
						CreatedOnToolsVersion = 10.1;
					};
				};
			};
			buildConfigurationList = A84FB94121C2923F007F4476 /* Build configuration list for PBXProject "Grobayer" */;
			compatibilityVersion = "Xcode 9.3";
			developmentRegion = en;
			hasScannedForEncodings = 0;
			knownRegions = (
				en,
				Base,
			);
			mainGroup = A84FB93D21C2923F007F4476;
			productRefGroup = A84FB94721C2923F007F4476 /* Products */;
			projectDirPath = "";
			projectRoot = "";
			targets = (
				A84FB94521C2923F007F4476 /* Grobayer */,
			);
		};
/* End PBXProject section */

/* Begin PBXResourcesBuildPhase section */
		A84FB94421C2923F007F4476 /* Resources */ = {
			isa = PBXResourcesBuildPhase;
			buildActionMask = 2147483647;
			files = (
				A84FB95621C29240007F4476 /* LaunchScreen.storyboard in Resources */,
				A84FB96521C29533007F4476 /* GoogleService-Info.plist in Resources */,
				A84FB95321C29240007F4476 /* Assets.xcassets in Resources */,
				A84FB95121C2923F007F4476 /* Main.storyboard in Resources */,
			);
			runOnlyForDeploymentPostprocessing = 0;
		};
/* End PBXResourcesBuildPhase section */

/* Begin PBXShellScriptBuildPhase section */
		427F82B8550052BA1DE1B3CA /* [CP] Embed Pods Frameworks */ = {
			isa = PBXShellScriptBuildPhase;
			buildActionMask = 2147483647;
			files = (
			);
			inputFileListPaths = (
			);
			inputPaths = (
				"${SRCROOT}/Pods/Target Support Files/Pods-Grobayer/Pods-Grobayer-frameworks.sh",
				"${BUILT_PRODUCTS_DIR}/GTMSessionFetcher/GTMSessionFetcher.framework",
				"${BUILT_PRODUCTS_DIR}/GoogleUtilities/GoogleUtilities.framework",
				"${BUILT_PRODUCTS_DIR}/leveldb-library/leveldb.framework",
				"${BUILT_PRODUCTS_DIR}/nanopb/nanopb.framework",
			);
			name = "[CP] Embed Pods Frameworks";
			outputFileListPaths = (
			);
			outputPaths = (
				"${TARGET_BUILD_DIR}/${FRAMEWORKS_FOLDER_PATH}/GTMSessionFetcher.framework",
				"${TARGET_BUILD_DIR}/${FRAMEWORKS_FOLDER_PATH}/GoogleUtilities.framework",
				"${TARGET_BUILD_DIR}/${FRAMEWORKS_FOLDER_PATH}/leveldb.framework",
				"${TARGET_BUILD_DIR}/${FRAMEWORKS_FOLDER_PATH}/nanopb.framework",
			);
			runOnlyForDeploymentPostprocessing = 0;
			shellPath = /bin/sh;
			shellScript = "\"${SRCROOT}/Pods/Target Support Files/Pods-Grobayer/Pods-Grobayer-frameworks.sh\"\n";
			showEnvVarsInLog = 0;
		};
		F4365B62DF6FA8FA5D18A658 /* [CP] Check Pods Manifest.lock */ = {
			isa = PBXShellScriptBuildPhase;
			buildActionMask = 2147483647;
			files = (
			);
			inputFileListPaths = (
			);
			inputPaths = (
				"${PODS_PODFILE_DIR_PATH}/Podfile.lock",
				"${PODS_ROOT}/Manifest.lock",
			);
			name = "[CP] Check Pods Manifest.lock";
			outputFileListPaths = (
			);
			outputPaths = (
				"$(DERIVED_FILE_DIR)/Pods-Grobayer-checkManifestLockResult.txt",
			);
			runOnlyForDeploymentPostprocessing = 0;
			shellPath = /bin/sh;
			shellScript = "diff \"${PODS_PODFILE_DIR_PATH}/Podfile.lock\" \"${PODS_ROOT}/Manifest.lock\" > /dev/null\nif [ $? != 0 ] ; then\n    # print error to STDERR\n    echo \"error: The sandbox is not in sync with the Podfile.lock. Run 'pod install' or update your CocoaPods installation.\" >&2\n    exit 1\nfi\n# This output is used by Xcode 'outputs' to avoid re-running this script phase.\necho \"SUCCESS\" > \"${SCRIPT_OUTPUT_FILE_0}\"\n";
			showEnvVarsInLog = 0;
		};
/* End PBXShellScriptBuildPhase section */

/* Begin PBXSourcesBuildPhase section */
		A84FB94221C2923F007F4476 /* Sources */ = {
			isa = PBXSourcesBuildPhase;
			buildActionMask = 2147483647;
			files = (
				A88DC58021D8F7B000F5412B /* UIViewExt.swift in Sources */,
				A88DC58221D8FD7700F5412B /* FeedCell.swift in Sources */,
				A8A1E07F21D6631000CA3C08 /* MeVC.swift in Sources */,
				A88DC58A21DCDEE300F5412B /* GroupCell.swift in Sources */,
				A800C09121C2A73F00793008 /* AuthVC.swift in Sources */,
				A800C09321C2A75000793008 /* LoginVC.swift in Sources */,
				A84FB94E21C2923F007F4476 /* GroupVC.swift in Sources */,
				A800C09921C6A36900793008 /* AuthService.swift in Sources */,
				A88DC58E21DCEB9F00F5412B /* GroupFeedVC.swift in Sources */,
				A84FB94A21C2923F007F4476 /* AppDelegate.swift in Sources */,
				A88DC58C21DCE57A00F5412B /* Group.swift in Sources */,
				A88DC58821D918A500F5412B /* UserCell.swift in Sources */,
				A88DC58621D913CD00F5412B /* CreateGroupVC.swift in Sources */,
				A800C09721C6A1F400793008 /* ShadowView.swift in Sources */,
				A8A1E08121D667AE00CA3C08 /* CreatePostVC.swift in Sources */,
				A88DC59021DCEC7900F5412B /* GroupFeedCell.swift in Sources */,
				A84FB94C21C2923F007F4476 /* FeedVC.swift in Sources */,
				A800C09521C2A7C800793008 /* InsetTextField.swift in Sources */,
				A800C08F21C297F800793008 /* DataService.swift in Sources */,
				A88DC58421D9015A00F5412B /* Message.swift in Sources */,
			);
			runOnlyForDeploymentPostprocessing = 0;
		};
/* End PBXSourcesBuildPhase section */

/* Begin PBXVariantGroup section */
		A84FB94F21C2923F007F4476 /* Main.storyboard */ = {
			isa = PBXVariantGroup;
			children = (
				A84FB95021C2923F007F4476 /* Base */,
			);
			name = Main.storyboard;
			sourceTree = "<group>";
		};
		A84FB95421C29240007F4476 /* LaunchScreen.storyboard */ = {
			isa = PBXVariantGroup;
			children = (
				A84FB95521C29240007F4476 /* Base */,
			);
			name = LaunchScreen.storyboard;
			sourceTree = "<group>";
		};
/* End PBXVariantGroup section */

/* Begin XCBuildConfiguration section */
		A84FB95821C29240007F4476 /* Debug */ = {
			isa = XCBuildConfiguration;
			buildSettings = {
				ALWAYS_SEARCH_USER_PATHS = NO;
				CLANG_ANALYZER_NONNULL = YES;
				CLANG_ANALYZER_NUMBER_OBJECT_CONVERSION = YES_AGGRESSIVE;
				CLANG_CXX_LANGUAGE_STANDARD = "gnu++14";
				CLANG_CXX_LIBRARY = "libc++";
				CLANG_ENABLE_MODULES = YES;
				CLANG_ENABLE_OBJC_ARC = YES;
				CLANG_ENABLE_OBJC_WEAK = YES;
				CLANG_WARN_BLOCK_CAPTURE_AUTORELEASING = YES;
				CLANG_WARN_BOOL_CONVERSION = YES;
				CLANG_WARN_COMMA = YES;
				CLANG_WARN_CONSTANT_CONVERSION = YES;
				CLANG_WARN_DEPRECATED_OBJC_IMPLEMENTATIONS = YES;
				CLANG_WARN_DIRECT_OBJC_ISA_USAGE = YES_ERROR;
				CLANG_WARN_DOCUMENTATION_COMMENTS = YES;
				CLANG_WARN_EMPTY_BODY = YES;
				CLANG_WARN_ENUM_CONVERSION = YES;
				CLANG_WARN_INFINITE_RECURSION = YES;
				CLANG_WARN_INT_CONVERSION = YES;
				CLANG_WARN_NON_LITERAL_NULL_CONVERSION = YES;
				CLANG_WARN_OBJC_IMPLICIT_RETAIN_SELF = YES;
				CLANG_WARN_OBJC_LITERAL_CONVERSION = YES;
				CLANG_WARN_OBJC_ROOT_CLASS = YES_ERROR;
				CLANG_WARN_RANGE_LOOP_ANALYSIS = YES;
				CLANG_WARN_STRICT_PROTOTYPES = YES;
				CLANG_WARN_SUSPICIOUS_MOVE = YES;
				CLANG_WARN_UNGUARDED_AVAILABILITY = YES_AGGRESSIVE;
				CLANG_WARN_UNREACHABLE_CODE = YES;
				CLANG_WARN__DUPLICATE_METHOD_MATCH = YES;
				CODE_SIGN_IDENTITY = "iPhone Developer";
				COPY_PHASE_STRIP = NO;
				DEBUG_INFORMATION_FORMAT = dwarf;
				ENABLE_STRICT_OBJC_MSGSEND = YES;
				ENABLE_TESTABILITY = YES;
				GCC_C_LANGUAGE_STANDARD = gnu11;
				GCC_DYNAMIC_NO_PIC = NO;
				GCC_NO_COMMON_BLOCKS = YES;
				GCC_OPTIMIZATION_LEVEL = 0;
				GCC_PREPROCESSOR_DEFINITIONS = (
					"DEBUG=1",
					"$(inherited)",
				);
				GCC_WARN_64_TO_32_BIT_CONVERSION = YES;
				GCC_WARN_ABOUT_RETURN_TYPE = YES_ERROR;
				GCC_WARN_UNDECLARED_SELECTOR = YES;
				GCC_WARN_UNINITIALIZED_AUTOS = YES_AGGRESSIVE;
				GCC_WARN_UNUSED_FUNCTION = YES;
				GCC_WARN_UNUSED_VARIABLE = YES;
				IPHONEOS_DEPLOYMENT_TARGET = 12.1;
				MTL_ENABLE_DEBUG_INFO = INCLUDE_SOURCE;
				MTL_FAST_MATH = YES;
				ONLY_ACTIVE_ARCH = YES;
				SDKROOT = iphoneos;
				SWIFT_ACTIVE_COMPILATION_CONDITIONS = DEBUG;
				SWIFT_OPTIMIZATION_LEVEL = "-Onone";
			};
			name = Debug;
		};
		A84FB95921C29240007F4476 /* Release */ = {
			isa = XCBuildConfiguration;
			buildSettings = {
				ALWAYS_SEARCH_USER_PATHS = NO;
				CLANG_ANALYZER_NONNULL = YES;
				CLANG_ANALYZER_NUMBER_OBJECT_CONVERSION = YES_AGGRESSIVE;
				CLANG_CXX_LANGUAGE_STANDARD = "gnu++14";
				CLANG_CXX_LIBRARY = "libc++";
				CLANG_ENABLE_MODULES = YES;
				CLANG_ENABLE_OBJC_ARC = YES;
				CLANG_ENABLE_OBJC_WEAK = YES;
				CLANG_WARN_BLOCK_CAPTURE_AUTORELEASING = YES;
				CLANG_WARN_BOOL_CONVERSION = YES;
				CLANG_WARN_COMMA = YES;
				CLANG_WARN_CONSTANT_CONVERSION = YES;
				CLANG_WARN_DEPRECATED_OBJC_IMPLEMENTATIONS = YES;
				CLANG_WARN_DIRECT_OBJC_ISA_USAGE = YES_ERROR;
				CLANG_WARN_DOCUMENTATION_COMMENTS = YES;
				CLANG_WARN_EMPTY_BODY = YES;
				CLANG_WARN_ENUM_CONVERSION = YES;
				CLANG_WARN_INFINITE_RECURSION = YES;
				CLANG_WARN_INT_CONVERSION = YES;
				CLANG_WARN_NON_LITERAL_NULL_CONVERSION = YES;
				CLANG_WARN_OBJC_IMPLICIT_RETAIN_SELF = YES;
				CLANG_WARN_OBJC_LITERAL_CONVERSION = YES;
				CLANG_WARN_OBJC_ROOT_CLASS = YES_ERROR;
				CLANG_WARN_RANGE_LOOP_ANALYSIS = YES;
				CLANG_WARN_STRICT_PROTOTYPES = YES;
				CLANG_WARN_SUSPICIOUS_MOVE = YES;
				CLANG_WARN_UNGUARDED_AVAILABILITY = YES_AGGRESSIVE;
				CLANG_WARN_UNREACHABLE_CODE = YES;
				CLANG_WARN__DUPLICATE_METHOD_MATCH = YES;
				CODE_SIGN_IDENTITY = "iPhone Developer";
				COPY_PHASE_STRIP = NO;
				DEBUG_INFORMATION_FORMAT = "dwarf-with-dsym";
				ENABLE_NS_ASSERTIONS = NO;
				ENABLE_STRICT_OBJC_MSGSEND = YES;
				GCC_C_LANGUAGE_STANDARD = gnu11;
				GCC_NO_COMMON_BLOCKS = YES;
				GCC_WARN_64_TO_32_BIT_CONVERSION = YES;
				GCC_WARN_ABOUT_RETURN_TYPE = YES_ERROR;
				GCC_WARN_UNDECLARED_SELECTOR = YES;
				GCC_WARN_UNINITIALIZED_AUTOS = YES_AGGRESSIVE;
				GCC_WARN_UNUSED_FUNCTION = YES;
				GCC_WARN_UNUSED_VARIABLE = YES;
				IPHONEOS_DEPLOYMENT_TARGET = 12.1;
				MTL_ENABLE_DEBUG_INFO = NO;
				MTL_FAST_MATH = YES;
				SDKROOT = iphoneos;
				SWIFT_COMPILATION_MODE = wholemodule;
				SWIFT_OPTIMIZATION_LEVEL = "-O";
				VALIDATE_PRODUCT = YES;
			};
			name = Release;
		};
		A84FB95B21C29240007F4476 /* Debug */ = {
			isa = XCBuildConfiguration;
			baseConfigurationReference = 5E575BF0FD03F12F0E53A7DC /* Pods-Grobayer.debug.xcconfig */;
			buildSettings = {
				ASSETCATALOG_COMPILER_APPICON_NAME = AppIcon;
				CODE_SIGN_STYLE = Automatic;
				DEVELOPMENT_TEAM = UAXCT92K5G;
				INFOPLIST_FILE = Grobayer/Info.plist;
				LD_RUNPATH_SEARCH_PATHS = (
					"$(inherited)",
					"@executable_path/Frameworks",
				);
				PRODUCT_BUNDLE_IDENTIFIER = com.Polyakov.Grobayer;
				PRODUCT_NAME = "$(TARGET_NAME)";
				SWIFT_VERSION = 4.2;
				TARGETED_DEVICE_FAMILY = "1,2";
			};
			name = Debug;
		};
		A84FB95C21C29240007F4476 /* Release */ = {
			isa = XCBuildConfiguration;
			baseConfigurationReference = 03BE36BC2DF73F381734AE2B /* Pods-Grobayer.release.xcconfig */;
			buildSettings = {
				ASSETCATALOG_COMPILER_APPICON_NAME = AppIcon;
				CODE_SIGN_STYLE = Automatic;
				DEVELOPMENT_TEAM = UAXCT92K5G;
				INFOPLIST_FILE = Grobayer/Info.plist;
				LD_RUNPATH_SEARCH_PATHS = (
					"$(inherited)",
					"@executable_path/Frameworks",
				);
				PRODUCT_BUNDLE_IDENTIFIER = com.Polyakov.Grobayer;
				PRODUCT_NAME = "$(TARGET_NAME)";
				SWIFT_VERSION = 4.2;
				TARGETED_DEVICE_FAMILY = "1,2";
			};
			name = Release;
		};
/* End XCBuildConfiguration section */

/* Begin XCConfigurationList section */
		A84FB94121C2923F007F4476 /* Build configuration list for PBXProject "Grobayer" */ = {
			isa = XCConfigurationList;
			buildConfigurations = (
				A84FB95821C29240007F4476 /* Debug */,
				A84FB95921C29240007F4476 /* Release */,
			);
			defaultConfigurationIsVisible = 0;
			defaultConfigurationName = Release;
		};
		A84FB95A21C29240007F4476 /* Build configuration list for PBXNativeTarget "Grobayer" */ = {
			isa = XCConfigurationList;
			buildConfigurations = (
				A84FB95B21C29240007F4476 /* Debug */,
				A84FB95C21C29240007F4476 /* Release */,
			);
			defaultConfigurationIsVisible = 0;
			defaultConfigurationName = Release;
		};
/* End XCConfigurationList section */
	};
	rootObject = A84FB93E21C2923F007F4476 /* Project object */;
}
